
Microsoft Visual Studio Solution File, Format Version 12.00
# Visual Studio 2015
Project("{FAE04EC0-301F-11D3-BF4B-00C04F79EFBC}") = "Unity-Graviators-Project.CSharp", "Unity-Graviators-Project.CSharp.csproj", "{CCBF56CB-2B4D-3104-D9C5-50035392F83B}"
EndProject
<<<<<<< HEAD
Project("{FAE04EC0-301F-11D3-BF4B-00C04F79EFBC}") = "Unity-Graviators-Project", "Assembly-CSharp-Editor.csproj", "{CCBC46D6-ED91-C326-9489-2AC06D423D04}"
=======
Project("{FAE04EC0-301F-11D3-BF4B-00C04F79EFBC}") = "Unity-Graviators-Project.CSharp.Editor", "Unity-Graviators-Project.CSharp.Editor.csproj", "{002682DC-04D9-9772-C1A3-1A5264B1A334}"
>>>>>>> 09671c69bd2be3da79ed5fc88aaa1aa5aa5d5518
EndProject
Global
	GlobalSection(SolutionConfigurationPlatforms) = preSolution
		Debug|Any CPU = Debug|Any CPU
		Release|Any CPU = Release|Any CPU
	EndGlobalSection
	GlobalSection(ProjectConfigurationPlatforms) = postSolution
<<<<<<< HEAD
		{D0940433-02C6-52CB-5F16-A434F2F85B82}.Debug|Any CPU.ActiveCfg = Debug|Any CPU
		{D0940433-02C6-52CB-5F16-A434F2F85B82}.Debug|Any CPU.Build.0 = Debug|Any CPU
		{D0940433-02C6-52CB-5F16-A434F2F85B82}.Release|Any CPU.ActiveCfg = Release|Any CPU
		{D0940433-02C6-52CB-5F16-A434F2F85B82}.Release|Any CPU.Build.0 = Release|Any CPU
		{CCBC46D6-ED91-C326-9489-2AC06D423D04}.Debug|Any CPU.ActiveCfg = Debug|Any CPU
		{CCBC46D6-ED91-C326-9489-2AC06D423D04}.Debug|Any CPU.Build.0 = Debug|Any CPU
		{CCBC46D6-ED91-C326-9489-2AC06D423D04}.Release|Any CPU.ActiveCfg = Release|Any CPU
		{CCBC46D6-ED91-C326-9489-2AC06D423D04}.Release|Any CPU.Build.0 = Release|Any CPU
=======
		{CCBF56CB-2B4D-3104-D9C5-50035392F83B}.Debug|Any CPU.ActiveCfg = Debug|Any CPU
		{CCBF56CB-2B4D-3104-D9C5-50035392F83B}.Debug|Any CPU.Build.0 = Debug|Any CPU
		{CCBF56CB-2B4D-3104-D9C5-50035392F83B}.Release|Any CPU.ActiveCfg = Release|Any CPU
		{CCBF56CB-2B4D-3104-D9C5-50035392F83B}.Release|Any CPU.Build.0 = Release|Any CPU
		{002682DC-04D9-9772-C1A3-1A5264B1A334}.Debug|Any CPU.ActiveCfg = Debug|Any CPU
		{002682DC-04D9-9772-C1A3-1A5264B1A334}.Debug|Any CPU.Build.0 = Debug|Any CPU
		{002682DC-04D9-9772-C1A3-1A5264B1A334}.Release|Any CPU.ActiveCfg = Release|Any CPU
		{002682DC-04D9-9772-C1A3-1A5264B1A334}.Release|Any CPU.Build.0 = Release|Any CPU
>>>>>>> 09671c69bd2be3da79ed5fc88aaa1aa5aa5d5518
	EndGlobalSection
	GlobalSection(SolutionProperties) = preSolution
		HideSolutionNode = FALSE
	EndGlobalSection
EndGlobal
