
Microsoft Visual Studio Solution File, Format Version 12.00
<<<<<<< HEAD
# Visual Studio 2015
=======
# Visual Studio 2017
>>>>>>> aa03fca7dbcba4683ff5764caa4cf99da54805ee
Project("{FAE04EC0-301F-11D3-BF4B-00C04F79EFBC}") = "Unity-Graviators-Project", "Unity-Graviators-Project.csproj", "{6E56245A-59A6-A167-9609-15C594F89998}"
EndProject
Project("{FAE04EC0-301F-11D3-BF4B-00C04F79EFBC}") = "Unity-Graviators-Project.Editor", "Unity-Graviators-Project.Editor.csproj", "{5A315C4E-D34C-9A9C-42C8-C850599803C3}"
EndProject
Global
	GlobalSection(SolutionConfigurationPlatforms) = preSolution
		Debug|Any CPU = Debug|Any CPU
		Release|Any CPU = Release|Any CPU
	EndGlobalSection
	GlobalSection(ProjectConfigurationPlatforms) = postSolution
		{6E56245A-59A6-A167-9609-15C594F89998}.Debug|Any CPU.ActiveCfg = Debug|Any CPU
		{6E56245A-59A6-A167-9609-15C594F89998}.Debug|Any CPU.Build.0 = Debug|Any CPU
		{6E56245A-59A6-A167-9609-15C594F89998}.Release|Any CPU.ActiveCfg = Release|Any CPU
		{6E56245A-59A6-A167-9609-15C594F89998}.Release|Any CPU.Build.0 = Release|Any CPU
		{5A315C4E-D34C-9A9C-42C8-C850599803C3}.Debug|Any CPU.ActiveCfg = Debug|Any CPU
		{5A315C4E-D34C-9A9C-42C8-C850599803C3}.Debug|Any CPU.Build.0 = Debug|Any CPU
		{5A315C4E-D34C-9A9C-42C8-C850599803C3}.Release|Any CPU.ActiveCfg = Release|Any CPU
		{5A315C4E-D34C-9A9C-42C8-C850599803C3}.Release|Any CPU.Build.0 = Release|Any CPU
	EndGlobalSection
	GlobalSection(SolutionProperties) = preSolution
		HideSolutionNode = FALSE
	EndGlobalSection
EndGlobal
